
Microsoft Visual Studio Solution File, Format Version 12.00
# Visual Studio Version 16
VisualStudioVersion = 16.0.31229.75
MinimumVisualStudioVersion = 10.0.40219.1
Project("{FAE04EC0-301F-11D3-BF4B-00C04F79EFBC}") = "RecuperatorioProg2", "RecuperatorioProg2\RecuperatorioProg2.csproj", "{DB2B13C7-CEFF-40B4-AD7D-D9BBDA2FB967}"
EndProject
Project("{FAE04EC0-301F-11D3-BF4B-00C04F79EFBC}") = "RecuperatorioProg2.Tests", "RecuperatorioProg2.Tests\RecuperatorioProg2.Tests.csproj", "{21ABD865-7769-4165-B8E1-8368F5BD65F1}"
EndProject
Project("{FAE04EC0-301F-11D3-BF4B-00C04F79EFBC}") = "Logica", "Logica\Logica.csproj", "{E854ADED-04AB-404C-A16F-BA01B7844AE9}"
EndProject
Global
	GlobalSection(SolutionConfigurationPlatforms) = preSolution
		Debug|Any CPU = Debug|Any CPU
		Release|Any CPU = Release|Any CPU
	EndGlobalSection
	GlobalSection(ProjectConfigurationPlatforms) = postSolution
		{DB2B13C7-CEFF-40B4-AD7D-D9BBDA2FB967}.Debug|Any CPU.ActiveCfg = Debug|Any CPU
		{DB2B13C7-CEFF-40B4-AD7D-D9BBDA2FB967}.Debug|Any CPU.Build.0 = Debug|Any CPU
		{DB2B13C7-CEFF-40B4-AD7D-D9BBDA2FB967}.Release|Any CPU.ActiveCfg = Release|Any CPU
		{DB2B13C7-CEFF-40B4-AD7D-D9BBDA2FB967}.Release|Any CPU.Build.0 = Release|Any CPU
		{21ABD865-7769-4165-B8E1-8368F5BD65F1}.Debug|Any CPU.ActiveCfg = Debug|Any CPU
		{21ABD865-7769-4165-B8E1-8368F5BD65F1}.Debug|Any CPU.Build.0 = Debug|Any CPU
		{21ABD865-7769-4165-B8E1-8368F5BD65F1}.Release|Any CPU.ActiveCfg = Release|Any CPU
		{21ABD865-7769-4165-B8E1-8368F5BD65F1}.Release|Any CPU.Build.0 = Release|Any CPU
		{E854ADED-04AB-404C-A16F-BA01B7844AE9}.Debug|Any CPU.ActiveCfg = Debug|Any CPU
		{E854ADED-04AB-404C-A16F-BA01B7844AE9}.Debug|Any CPU.Build.0 = Debug|Any CPU
		{E854ADED-04AB-404C-A16F-BA01B7844AE9}.Release|Any CPU.ActiveCfg = Release|Any CPU
		{E854ADED-04AB-404C-A16F-BA01B7844AE9}.Release|Any CPU.Build.0 = Release|Any CPU
	EndGlobalSection
	GlobalSection(SolutionProperties) = preSolution
		HideSolutionNode = FALSE
	EndGlobalSection
	GlobalSection(ExtensibilityGlobals) = postSolution
		SolutionGuid = {64E7A474-C90B-40A2-95E2-3B47BC3A5B60}
	EndGlobalSection
EndGlobal
